
Microsoft Visual Studio Solution File, Format Version 12.00
# Visual Studio Version 16
VisualStudioVersion = 16.0.31105.61
MinimumVisualStudioVersion = 10.0.40219.1
Project("{FAE04EC0-301F-11D3-BF4B-00C04F79EFBC}") = "unlock_282", "unlock_282.csproj", "{8B957A6D-BE81-4B16-A98E-8F98F8EB6403}"
EndProject
Global
	GlobalSection(SolutionConfigurationPlatforms) = preSolution
		Debug|Any CPU = Debug|Any CPU
		Release|Any CPU = Release|Any CPU
	EndGlobalSection
	GlobalSection(ProjectConfigurationPlatforms) = postSolution
		{8B957A6D-BE81-4B16-A98E-8F98F8EB6403}.Debug|Any CPU.ActiveCfg = Debug|Any CPU
		{8B957A6D-BE81-4B16-A98E-8F98F8EB6403}.Debug|Any CPU.Build.0 = Debug|Any CPU
		{8B957A6D-BE81-4B16-A98E-8F98F8EB6403}.Release|Any CPU.ActiveCfg = Release|Any CPU
		{8B957A6D-BE81-4B16-A98E-8F98F8EB6403}.Release|Any CPU.Build.0 = Release|Any CPU
	EndGlobalSection
	GlobalSection(SolutionProperties) = preSolution
		HideSolutionNode = FALSE
	EndGlobalSection
	GlobalSection(ExtensibilityGlobals) = postSolution
		SolutionGuid = {2E537CC1-6FC7-4656-AD1A-239A2C0AB00B}
	EndGlobalSection
EndGlobal
